// !$*UTF8*$!
{
	archiveVersion = 1;
	classes = {
	};
	objectVersion = 46;
	objects = {

/* Begin PBXBuildFile section */
		2B632EB226DA02B900770118 /* AppDelegate.swift in Sources */ = {isa = PBXBuildFile; fileRef = 2B632EB126DA02B900770118 /* AppDelegate.swift */; };
		2B632EB426DA02B900770118 /* ViewController.swift in Sources */ = {isa = PBXBuildFile; fileRef = 2B632EB326DA02B900770118 /* ViewController.swift */; };
		2B632EB726DA02B900770118 /* Main.storyboard in Resources */ = {isa = PBXBuildFile; fileRef = 2B632EB526DA02B900770118 /* Main.storyboard */; };
		2B632EB926DA02B900770118 /* Assets.xcassets in Resources */ = {isa = PBXBuildFile; fileRef = 2B632EB826DA02B900770118 /* Assets.xcassets */; };
		2B632EBC26DA02B900770118 /* LaunchScreen.storyboard in Resources */ = {isa = PBXBuildFile; fileRef = 2B632EBA26DA02B900770118 /* LaunchScreen.storyboard */; };
		2B632EC726DA02B900770118 /* versionControl1Tests.swift in Sources */ = {isa = PBXBuildFile; fileRef = 2B632EC626DA02B900770118 /* versionControl1Tests.swift */; };
		2B632ED226DA02BA00770118 /* versionControl1UITests.swift in Sources */ = {isa = PBXBuildFile; fileRef = 2B632ED126DA02BA00770118 /* versionControl1UITests.swift */; };
/* End PBXBuildFile section */

/* Begin PBXContainerItemProxy section */
		2B632EC326DA02B900770118 /* PBXContainerItemProxy */ = {
			isa = PBXContainerItemProxy;
			containerPortal = 2B632EA626DA02B900770118 /* Project object */;
			proxyType = 1;
			remoteGlobalIDString = 2B632EAD26DA02B900770118;
			remoteInfo = versionControl1;
		};
		2B632ECE26DA02BA00770118 /* PBXContainerItemProxy */ = {
			isa = PBXContainerItemProxy;
			containerPortal = 2B632EA626DA02B900770118 /* Project object */;
			proxyType = 1;
			remoteGlobalIDString = 2B632EAD26DA02B900770118;
			remoteInfo = versionControl1;
		};
/* End PBXContainerItemProxy section */

/* Begin PBXFileReference section */
		2B632EAE26DA02B900770118 /* versionControl1.app */ = {isa = PBXFileReference; explicitFileType = wrapper.application; includeInIndex = 0; path = versionControl1.app; sourceTree = BUILT_PRODUCTS_DIR; };
		2B632EB126DA02B900770118 /* AppDelegate.swift */ = {isa = PBXFileReference; lastKnownFileType = sourcecode.swift; path = AppDelegate.swift; sourceTree = "<group>"; };
		2B632EB326DA02B900770118 /* ViewController.swift */ = {isa = PBXFileReference; lastKnownFileType = sourcecode.swift; path = ViewController.swift; sourceTree = "<group>"; };
		2B632EB626DA02B900770118 /* Base */ = {isa = PBXFileReference; lastKnownFileType = file.storyboard; name = Base; path = Base.lproj/Main.storyboard; sourceTree = "<group>"; };
		2B632EB826DA02B900770118 /* Assets.xcassets */ = {isa = PBXFileReference; lastKnownFileType = folder.assetcatalog; path = Assets.xcassets; sourceTree = "<group>"; };
		2B632EBB26DA02B900770118 /* Base */ = {isa = PBXFileReference; lastKnownFileType = file.storyboard; name = Base; path = Base.lproj/LaunchScreen.storyboard; sourceTree = "<group>"; };
		2B632EBD26DA02B900770118 /* Info.plist */ = {isa = PBXFileReference; lastKnownFileType = text.plist.xml; path = Info.plist; sourceTree = "<group>"; };
		2B632EC226DA02B900770118 /* versionControl1Tests.xctest */ = {isa = PBXFileReference; explicitFileType = wrapper.cfbundle; includeInIndex = 0; path = versionControl1Tests.xctest; sourceTree = BUILT_PRODUCTS_DIR; };
		2B632EC626DA02B900770118 /* versionControl1Tests.swift */ = {isa = PBXFileReference; lastKnownFileType = sourcecode.swift; path = versionControl1Tests.swift; sourceTree = "<group>"; };
		2B632EC826DA02B900770118 /* Info.plist */ = {isa = PBXFileReference; lastKnownFileType = text.plist.xml; path = Info.plist; sourceTree = "<group>"; };
		2B632ECD26DA02BA00770118 /* versionControl1UITests.xctest */ = {isa = PBXFileReference; explicitFileType = wrapper.cfbundle; includeInIndex = 0; path = versionControl1UITests.xctest; sourceTree = BUILT_PRODUCTS_DIR; };
		2B632ED126DA02BA00770118 /* versionControl1UITests.swift */ = {isa = PBXFileReference; lastKnownFileType = sourcecode.swift; path = versionControl1UITests.swift; sourceTree = "<group>"; };
		2B632ED326DA02BA00770118 /* Info.plist */ = {isa = PBXFileReference; lastKnownFileType = text.plist.xml; path = Info.plist; sourceTree = "<group>"; };
/* End PBXFileReference section */

/* Begin PBXFrameworksBuildPhase section */
		2B632EAB26DA02B900770118 /* Frameworks */ = {
			isa = PBXFrameworksBuildPhase;
			buildActionMask = 2147483647;
			files = (
			);
			runOnlyForDeploymentPostprocessing = 0;
		};
		2B632EBF26DA02B900770118 /* Frameworks */ = {
			isa = PBXFrameworksBuildPhase;
			buildActionMask = 2147483647;
			files = (
			);
			runOnlyForDeploymentPostprocessing = 0;
		};
		2B632ECA26DA02BA00770118 /* Frameworks */ = {
			isa = PBXFrameworksBuildPhase;
			buildActionMask = 2147483647;
			files = (
			);
			runOnlyForDeploymentPostprocessing = 0;
		};
/* End PBXFrameworksBuildPhase section */

/* Begin PBXGroup section */
		2B632EA526DA02B900770118 = {
			isa = PBXGroup;
			children = (
				2B632EB026DA02B900770118 /* versionControl1 */,
				2B632EC526DA02B900770118 /* versionControl1Tests */,
				2B632ED026DA02BA00770118 /* versionControl1UITests */,
				2B632EAF26DA02B900770118 /* Products */,
			);
			sourceTree = "<group>";
		};
		2B632EAF26DA02B900770118 /* Products */ = {
			isa = PBXGroup;
			children = (
				2B632EAE26DA02B900770118 /* versionControl1.app */,
				2B632EC226DA02B900770118 /* versionControl1Tests.xctest */,
				2B632ECD26DA02BA00770118 /* versionControl1UITests.xctest */,
			);
			name = Products;
			sourceTree = "<group>";
		};
		2B632EB026DA02B900770118 /* versionControl1 */ = {
			isa = PBXGroup;
			children = (
				2B632EB126DA02B900770118 /* AppDelegate.swift */,
				2B632EB326DA02B900770118 /* ViewController.swift */,
				2B632EB526DA02B900770118 /* Main.storyboard */,
				2B632EB826DA02B900770118 /* Assets.xcassets */,
				2B632EBA26DA02B900770118 /* LaunchScreen.storyboard */,
				2B632EBD26DA02B900770118 /* Info.plist */,
			);
			path = versionControl1;
			sourceTree = "<group>";
		};
		2B632EC526DA02B900770118 /* versionControl1Tests */ = {
			isa = PBXGroup;
			children = (
				2B632EC626DA02B900770118 /* versionControl1Tests.swift */,
				2B632EC826DA02B900770118 /* Info.plist */,
			);
			path = versionControl1Tests;
			sourceTree = "<group>";
		};
		2B632ED026DA02BA00770118 /* versionControl1UITests */ = {
			isa = PBXGroup;
			children = (
				2B632ED126DA02BA00770118 /* versionControl1UITests.swift */,
				2B632ED326DA02BA00770118 /* Info.plist */,
			);
			path = versionControl1UITests;
			sourceTree = "<group>";
		};
/* End PBXGroup section */

/* Begin PBXNativeTarget section */
		2B632EAD26DA02B900770118 /* versionControl1 */ = {
			isa = PBXNativeTarget;
			buildConfigurationList = 2B632ED626DA02BA00770118 /* Build configuration list for PBXNativeTarget "versionControl1" */;
			buildPhases = (
				2B632EAA26DA02B900770118 /* Sources */,
				2B632EAB26DA02B900770118 /* Frameworks */,
				2B632EAC26DA02B900770118 /* Resources */,
			);
			buildRules = (
			);
			dependencies = (
			);
			name = versionControl1;
			productName = versionControl1;
			productReference = 2B632EAE26DA02B900770118 /* versionControl1.app */;
			productType = "com.apple.product-type.application";
		};
		2B632EC126DA02B900770118 /* versionControl1Tests */ = {
			isa = PBXNativeTarget;
			buildConfigurationList = 2B632ED926DA02BA00770118 /* Build configuration list for PBXNativeTarget "versionControl1Tests" */;
			buildPhases = (
				2B632EBE26DA02B900770118 /* Sources */,
				2B632EBF26DA02B900770118 /* Frameworks */,
				2B632EC026DA02B900770118 /* Resources */,
			);
			buildRules = (
			);
			dependencies = (
				2B632EC426DA02B900770118 /* PBXTargetDependency */,
			);
			name = versionControl1Tests;
			productName = versionControl1Tests;
			productReference = 2B632EC226DA02B900770118 /* versionControl1Tests.xctest */;
			productType = "com.apple.product-type.bundle.unit-test";
		};
		2B632ECC26DA02BA00770118 /* versionControl1UITests */ = {
			isa = PBXNativeTarget;
			buildConfigurationList = 2B632EDC26DA02BA00770118 /* Build configuration list for PBXNativeTarget "versionControl1UITests" */;
			buildPhases = (
				2B632EC926DA02BA00770118 /* Sources */,
				2B632ECA26DA02BA00770118 /* Frameworks */,
				2B632ECB26DA02BA00770118 /* Resources */,
			);
			buildRules = (
			);
			dependencies = (
				2B632ECF26DA02BA00770118 /* PBXTargetDependency */,
			);
			name = versionControl1UITests;
			productName = versionControl1UITests;
			productReference = 2B632ECD26DA02BA00770118 /* versionControl1UITests.xctest */;
			productType = "com.apple.product-type.bundle.ui-testing";
		};
/* End PBXNativeTarget section */

/* Begin PBXProject section */
		2B632EA626DA02B900770118 /* Project object */ = {
			isa = PBXProject;
			attributes = {
				LastSwiftUpdateCheck = 0830;
				LastUpgradeCheck = 0830;
				ORGANIZATIONNAME = LinuxPlus;
				TargetAttributes = {
					2B632EAD26DA02B900770118 = {
						CreatedOnToolsVersion = 8.3;
						ProvisioningStyle = Automatic;
					};
					2B632EC126DA02B900770118 = {
						CreatedOnToolsVersion = 8.3;
						ProvisioningStyle = Automatic;
						TestTargetID = 2B632EAD26DA02B900770118;
					};
					2B632ECC26DA02BA00770118 = {
						CreatedOnToolsVersion = 8.3;
						ProvisioningStyle = Automatic;
						TestTargetID = 2B632EAD26DA02B900770118;
					};
				};
			};
			buildConfigurationList = 2B632EA926DA02B900770118 /* Build configuration list for PBXProject "versionControl1" */;
			compatibilityVersion = "Xcode 3.2";
			developmentRegion = English;
			hasScannedForEncodings = 0;
			knownRegions = (
				en,
				Base,
			);
			mainGroup = 2B632EA526DA02B900770118;
			productRefGroup = 2B632EAF26DA02B900770118 /* Products */;
			projectDirPath = "";
			projectRoot = "";
			targets = (
				2B632EAD26DA02B900770118 /* versionControl1 */,
				2B632EC126DA02B900770118 /* versionControl1Tests */,
				2B632ECC26DA02BA00770118 /* versionControl1UITests */,
			);
		};
/* End PBXProject section */

/* Begin PBXResourcesBuildPhase section */
		2B632EAC26DA02B900770118 /* Resources */ = {
			isa = PBXResourcesBuildPhase;
			buildActionMask = 2147483647;
			files = (
				2B632EBC26DA02B900770118 /* LaunchScreen.storyboard in Resources */,
				2B632EB926DA02B900770118 /* Assets.xcassets in Resources */,
				2B632EB726DA02B900770118 /* Main.storyboard in Resources */,
			);
			runOnlyForDeploymentPostprocessing = 0;
		};
		2B632EC026DA02B900770118 /* Resources */ = {
			isa = PBXResourcesBuildPhase;
			buildActionMask = 2147483647;
			files = (
			);
			runOnlyForDeploymentPostprocessing = 0;
		};
		2B632ECB26DA02BA00770118 /* Resources */ = {
			isa = PBXResourcesBuildPhase;
			buildActionMask = 2147483647;
			files = (
			);
			runOnlyForDeploymentPostprocessing = 0;
		};
/* End PBXResourcesBuildPhase section */

/* Begin PBXSourcesBuildPhase section */
		2B632EAA26DA02B900770118 /* Sources */ = {
			isa = PBXSourcesBuildPhase;
			buildActionMask = 2147483647;
			files = (
				2B632EB426DA02B900770118 /* ViewController.swift in Sources */,
				2B632EB226DA02B900770118 /* AppDelegate.swift in Sources */,
			);
			runOnlyForDeploymentPostprocessing = 0;
		};
		2B632EBE26DA02B900770118 /* Sources */ = {
			isa = PBXSourcesBuildPhase;
			buildActionMask = 2147483647;
			files = (
				2B632EC726DA02B900770118 /* versionControl1Tests.swift in Sources */,
			);
			runOnlyForDeploymentPostprocessing = 0;
		};
		2B632EC926DA02BA00770118 /* Sources */ = {
			isa = PBXSourcesBuildPhase;
			buildActionMask = 2147483647;
			files = (
				2B632ED226DA02BA00770118 /* versionControl1UITests.swift in Sources */,
			);
			runOnlyForDeploymentPostprocessing = 0;
		};
/* End PBXSourcesBuildPhase section */

/* Begin PBXTargetDependency section */
		2B632EC426DA02B900770118 /* PBXTargetDependency */ = {
			isa = PBXTargetDependency;
			target = 2B632EAD26DA02B900770118 /* versionControl1 */;
			targetProxy = 2B632EC326DA02B900770118 /* PBXContainerItemProxy */;
		};
		2B632ECF26DA02BA00770118 /* PBXTargetDependency */ = {
			isa = PBXTargetDependency;
			target = 2B632EAD26DA02B900770118 /* versionControl1 */;
			targetProxy = 2B632ECE26DA02BA00770118 /* PBXContainerItemProxy */;
		};
/* End PBXTargetDependency section */

/* Begin PBXVariantGroup section */
		2B632EB526DA02B900770118 /* Main.storyboard */ = {
			isa = PBXVariantGroup;
			children = (
				2B632EB626DA02B900770118 /* Base */,
			);
			name = Main.storyboard;
			sourceTree = "<group>";
		};
		2B632EBA26DA02B900770118 /* LaunchScreen.storyboard */ = {
			isa = PBXVariantGroup;
			children = (
				2B632EBB26DA02B900770118 /* Base */,
			);
			name = LaunchScreen.storyboard;
			sourceTree = "<group>";
		};
/* End PBXVariantGroup section */

/* Begin XCBuildConfiguration section */
		2B632ED426DA02BA00770118 /* Debug */ = {
			isa = XCBuildConfiguration;
			buildSettings = {
				ALWAYS_SEARCH_USER_PATHS = NO;
				CLANG_ANALYZER_NONNULL = YES;
				CLANG_ANALYZER_NUMBER_OBJECT_CONVERSION = YES_AGGRESSIVE;
				CLANG_CXX_LANGUAGE_STANDARD = "gnu++0x";
				CLANG_CXX_LIBRARY = "libc++";
				CLANG_ENABLE_MODULES = YES;
				CLANG_ENABLE_OBJC_ARC = YES;
				CLANG_WARN_BOOL_CONVERSION = YES;
				CLANG_WARN_CONSTANT_CONVERSION = YES;
				CLANG_WARN_DIRECT_OBJC_ISA_USAGE = YES_ERROR;
				CLANG_WARN_DOCUMENTATION_COMMENTS = YES;
				CLANG_WARN_EMPTY_BODY = YES;
				CLANG_WARN_ENUM_CONVERSION = YES;
				CLANG_WARN_INFINITE_RECURSION = YES;
				CLANG_WARN_INT_CONVERSION = YES;
				CLANG_WARN_OBJC_ROOT_CLASS = YES_ERROR;
				CLANG_WARN_SUSPICIOUS_MOVE = YES;
				CLANG_WARN_UNREACHABLE_CODE = YES;
				CLANG_WARN__DUPLICATE_METHOD_MATCH = YES;
				"CODE_SIGN_IDENTITY[sdk=iphoneos*]" = "iPhone Developer";
				COPY_PHASE_STRIP = NO;
				DEBUG_INFORMATION_FORMAT = dwarf;
				ENABLE_STRICT_OBJC_MSGSEND = YES;
				ENABLE_TESTABILITY = YES;
				GCC_C_LANGUAGE_STANDARD = gnu99;
				GCC_DYNAMIC_NO_PIC = NO;
				GCC_NO_COMMON_BLOCKS = YES;
				GCC_OPTIMIZATION_LEVEL = 0;
				GCC_PREPROCESSOR_DEFINITIONS = (
					"DEBUG=1",
					"$(inherited)",
				);
				GCC_WARN_64_TO_32_BIT_CONVERSION = YES;
				GCC_WARN_ABOUT_RETURN_TYPE = YES_ERROR;
				GCC_WARN_UNDECLARED_SELECTOR = YES;
				GCC_WARN_UNINITIALIZED_AUTOS = YES_AGGRESSIVE;
				GCC_WARN_UNUSED_FUNCTION = YES;
				GCC_WARN_UNUSED_VARIABLE = YES;
				IPHONEOS_DEPLOYMENT_TARGET = 10.3;
				MTL_ENABLE_DEBUG_INFO = YES;
				ONLY_ACTIVE_ARCH = YES;
				SDKROOT = iphoneos;
				SWIFT_ACTIVE_COMPILATION_CONDITIONS = DEBUG;
				SWIFT_OPTIMIZATION_LEVEL = "-Onone";
				TARGETED_DEVICE_FAMILY = "1,2";
			};
			name = Debug;
		};
		2B632ED526DA02BA00770118 /* Release */ = {
			isa = XCBuildConfiguration;
			buildSettings = {
				ALWAYS_SEARCH_USER_PATHS = NO;
				CLANG_ANALYZER_NONNULL = YES;
				CLANG_ANALYZER_NUMBER_OBJECT_CONVERSION = YES_AGGRESSIVE;
				CLANG_CXX_LANGUAGE_STANDARD = "gnu++0x";
				CLANG_CXX_LIBRARY = "libc++";
				CLANG_ENABLE_MODULES = YES;
				CLANG_ENABLE_OBJC_ARC = YES;
				CLANG_WARN_BOOL_CONVERSION = YES;
				CLANG_WARN_CONSTANT_CONVERSION = YES;
				CLANG_WARN_DIRECT_OBJC_ISA_USAGE = YES_ERROR;
				CLANG_WARN_DOCUMENTATION_COMMENTS = YES;
				CLANG_WARN_EMPTY_BODY = YES;
				CLANG_WARN_ENUM_CONVERSION = YES;
				CLANG_WARN_INFINITE_RECURSION = YES;
				CLANG_WARN_INT_CONVERSION = YES;
				CLANG_WARN_OBJC_ROOT_CLASS = YES_ERROR;
				CLANG_WARN_SUSPICIOUS_MOVE = YES;
				CLANG_WARN_UNREACHABLE_CODE = YES;
				CLANG_WARN__DUPLICATE_METHOD_MATCH = YES;
				"CODE_SIGN_IDENTITY[sdk=iphoneos*]" = "iPhone Developer";
				COPY_PHASE_STRIP = NO;
				DEBUG_INFORMATION_FORMAT = "dwarf-with-dsym";
				ENABLE_NS_ASSERTIONS = NO;
				ENABLE_STRICT_OBJC_MSGSEND = YES;
				GCC_C_LANGUAGE_STANDARD = gnu99;
				GCC_NO_COMMON_BLOCKS = YES;
				GCC_WARN_64_TO_32_BIT_CONVERSION = YES;
				GCC_WARN_ABOUT_RETURN_TYPE = YES_ERROR;
				GCC_WARN_UNDECLARED_SELECTOR = YES;
				GCC_WARN_UNINITIALIZED_AUTOS = YES_AGGRESSIVE;
				GCC_WARN_UNUSED_FUNCTION = YES;
				GCC_WARN_UNUSED_VARIABLE = YES;
				IPHONEOS_DEPLOYMENT_TARGET = 10.3;
				MTL_ENABLE_DEBUG_INFO = NO;
				SDKROOT = iphoneos;
				SWIFT_OPTIMIZATION_LEVEL = "-Owholemodule";
				TARGETED_DEVICE_FAMILY = "1,2";
				VALIDATE_PRODUCT = YES;
			};
			name = Release;
		};
		2B632ED726DA02BA00770118 /* Debug */ = {
			isa = XCBuildConfiguration;
			buildSettings = {
				ASSETCATALOG_COMPILER_APPICON_NAME = AppIcon;
				INFOPLIST_FILE = versionControl1/Info.plist;
				LD_RUNPATH_SEARCH_PATHS = "$(inherited) @executable_path/Frameworks";
				PRODUCT_BUNDLE_IDENTIFIER = com.aptech.myFirstAppXcode.versionControl1;
				PRODUCT_NAME = "$(TARGET_NAME)";
				SWIFT_VERSION = 3.0;
			};
			name = Debug;
		};
		2B632ED826DA02BA00770118 /* Release */ = {
			isa = XCBuildConfiguration;
			buildSettings = {
				ASSETCATALOG_COMPILER_APPICON_NAME = AppIcon;
				INFOPLIST_FILE = versionControl1/Info.plist;
				LD_RUNPATH_SEARCH_PATHS = "$(inherited) @executable_path/Frameworks";
				PRODUCT_BUNDLE_IDENTIFIER = com.aptech.myFirstAppXcode.versionControl1;
				PRODUCT_NAME = "$(TARGET_NAME)";
				SWIFT_VERSION = 3.0;
			};
			name = Release;
		};
		2B632EDA26DA02BA00770118 /* Debug */ = {
			isa = XCBuildConfiguration;
			buildSettings = {
				ALWAYS_EMBED_SWIFT_STANDARD_LIBRARIES = YES;
				BUNDLE_LOADER = "$(TEST_HOST)";
				INFOPLIST_FILE = versionControl1Tests/Info.plist;
				LD_RUNPATH_SEARCH_PATHS = "$(inherited) @executable_path/Frameworks @loader_path/Frameworks";
				PRODUCT_BUNDLE_IDENTIFIER = com.aptech.myFirstAppXcode.versionControl1Tests;
				PRODUCT_NAME = "$(TARGET_NAME)";
				SWIFT_VERSION = 3.0;
				TEST_HOST = "$(BUILT_PRODUCTS_DIR)/versionControl1.app/versionControl1";
			};
			name = Debug;
		};
		2B632EDB26DA02BA00770118 /* Release */ = {
			isa = XCBuildConfiguration;
			buildSettings = {
				ALWAYS_EMBED_SWIFT_STANDARD_LIBRARIES = YES;
				BUNDLE_LOADER = "$(TEST_HOST)";
				INFOPLIST_FILE = versionControl1Tests/Info.plist;
				LD_RUNPATH_SEARCH_PATHS = "$(inherited) @executable_path/Frameworks @loader_path/Frameworks";
				PRODUCT_BUNDLE_IDENTIFIER = com.aptech.myFirstAppXcode.versionControl1Tests;
				PRODUCT_NAME = "$(TARGET_NAME)";
				SWIFT_VERSION = 3.0;
				TEST_HOST = "$(BUILT_PRODUCTS_DIR)/versionControl1.app/versionControl1";
			};
			name = Release;
		};
		2B632EDD26DA02BA00770118 /* Debug */ = {
			isa = XCBuildConfiguration;
			buildSettings = {
				ALWAYS_EMBED_SWIFT_STANDARD_LIBRARIES = YES;
				INFOPLIST_FILE = versionControl1UITests/Info.plist;
				LD_RUNPATH_SEARCH_PATHS = "$(inherited) @executable_path/Frameworks @loader_path/Frameworks";
				PRODUCT_BUNDLE_IDENTIFIER = com.aptech.myFirstAppXcode.versionControl1UITests;
				PRODUCT_NAME = "$(TARGET_NAME)";
				SWIFT_VERSION = 3.0;
				TEST_TARGET_NAME = versionControl1;
			};
			name = Debug;
		};
		2B632EDE26DA02BA00770118 /* Release */ = {
			isa = XCBuildConfiguration;
			buildSettings = {
				ALWAYS_EMBED_SWIFT_STANDARD_LIBRARIES = YES;
				INFOPLIST_FILE = versionControl1UITests/Info.plist;
				LD_RUNPATH_SEARCH_PATHS = "$(inherited) @executable_path/Frameworks @loader_path/Frameworks";
				PRODUCT_BUNDLE_IDENTIFIER = com.aptech.myFirstAppXcode.versionControl1UITests;
				PRODUCT_NAME = "$(TARGET_NAME)";
				SWIFT_VERSION = 3.0;
				TEST_TARGET_NAME = versionControl1;
			};
			name = Release;
		};
/* End XCBuildConfiguration section */

/* Begin XCConfigurationList section */
		2B632EA926DA02B900770118 /* Build configuration list for PBXProject "versionControl1" */ = {
			isa = XCConfigurationList;
			buildConfigurations = (
				2B632ED426DA02BA00770118 /* Debug */,
				2B632ED526DA02BA00770118 /* Release */,
			);
			defaultConfigurationIsVisible = 0;
			defaultConfigurationName = Release;
		};
		2B632ED626DA02BA00770118 /* Build configuration list for PBXNativeTarget "versionControl1" */ = {
			isa = XCConfigurationList;
			buildConfigurations = (
				2B632ED726DA02BA00770118 /* Debug */,
				2B632ED826DA02BA00770118 /* Release */,
			);
			defaultConfigurationIsVisible = 0;
		};
		2B632ED926DA02BA00770118 /* Build configuration list for PBXNativeTarget "versionControl1Tests" */ = {
			isa = XCConfigurationList;
			buildConfigurations = (
				2B632EDA26DA02BA00770118 /* Debug */,
				2B632EDB26DA02BA00770118 /* Release */,
			);
			defaultConfigurationIsVisible = 0;
		};
		2B632EDC26DA02BA00770118 /* Build configuration list for PBXNativeTarget "versionControl1UITests" */ = {
			isa = XCConfigurationList;
			buildConfigurations = (
				2B632EDD26DA02BA00770118 /* Debug */,
				2B632EDE26DA02BA00770118 /* Release */,
			);
			defaultConfigurationIsVisible = 0;
		};
/* End XCConfigurationList section */
	};
	rootObject = 2B632EA626DA02B900770118 /* Project object */;
}
